
Microsoft Visual Studio Solution File, Format Version 12.00
# Visual Studio Version 16
VisualStudioVersion = 16.0.30011.22
MinimumVisualStudioVersion = 10.0.40219.1
Project("{FAE04EC0-301F-11D3-BF4B-00C04F79EFBC}") = "LogicAndSetTheoryApplication", "LogicAndSetTheoryApplication.csproj", "{EE5424D7-A785-427F-A0EC-4BC06E1FEB44}"
EndProject
Project("{FAE04EC0-301F-11D3-BF4B-00C04F79EFBC}") = "LPPUnitTests", "..\LPPUnitTests\LPPUnitTests.csproj", "{BDB12C86-1FD8-4AAB-9706-E8FC22397090}"
EndProject
Global
	GlobalSection(SolutionConfigurationPlatforms) = preSolution
		Debug|Any CPU = Debug|Any CPU
		Release|Any CPU = Release|Any CPU
	EndGlobalSection
	GlobalSection(ProjectConfigurationPlatforms) = postSolution
		{EE5424D7-A785-427F-A0EC-4BC06E1FEB44}.Debug|Any CPU.ActiveCfg = Debug|Any CPU
		{EE5424D7-A785-427F-A0EC-4BC06E1FEB44}.Debug|Any CPU.Build.0 = Debug|Any CPU
		{EE5424D7-A785-427F-A0EC-4BC06E1FEB44}.Release|Any CPU.ActiveCfg = Release|Any CPU
		{EE5424D7-A785-427F-A0EC-4BC06E1FEB44}.Release|Any CPU.Build.0 = Release|Any CPU
		{BDB12C86-1FD8-4AAB-9706-E8FC22397090}.Debug|Any CPU.ActiveCfg = Debug|Any CPU
		{BDB12C86-1FD8-4AAB-9706-E8FC22397090}.Debug|Any CPU.Build.0 = Debug|Any CPU
		{BDB12C86-1FD8-4AAB-9706-E8FC22397090}.Release|Any CPU.ActiveCfg = Release|Any CPU
		{BDB12C86-1FD8-4AAB-9706-E8FC22397090}.Release|Any CPU.Build.0 = Release|Any CPU
	EndGlobalSection
	GlobalSection(SolutionProperties) = preSolution
		HideSolutionNode = FALSE
	EndGlobalSection
	GlobalSection(ExtensibilityGlobals) = postSolution
		SolutionGuid = {8715AC71-7B60-45E9-826B-CF95C75FE5FD}
	EndGlobalSection
EndGlobal
